github.com/sudzekai/golang-logging v1.0.0 h1:kFIEm5c8DVyTqxWQStTJGzqwpBpDZWemMezpeDdxdL4=
github.com/sudzekai/golang-logging v1.0.0/go.mod h1:XaiiHjECBaCSMUzOpp7rSR8AIiXISXRWVXPCbhBJJW0=
github.com/sudzekai/golang-logging v1.0.1 h1:+3qvsLKjlVMbO/dxdHyl027JIIFf+3oRLLa51bBBE90=
github.com/sudzekai/golang-logging v1.0.1/go.mod h1:XaiiHjECBaCSMUzOpp7rSR8AIiXISXRWVXPCbhBJJW0=
